
Microsoft Visual Studio Solution File, Format Version 12.00
# Visual Studio Version 16
VisualStudioVersion = 16.0.29519.87
MinimumVisualStudioVersion = 10.0.40219.1
Project("{FAE04EC0-301F-11D3-BF4B-00C04F79EFBC}") = "The Rover", "The Rover\The Rover.csproj", "{B1095839-D49F-4C00-A733-486785003EFA}"
EndProject
Global
	GlobalSection(SolutionConfigurationPlatforms) = preSolution
		Debug|Any CPU = Debug|Any CPU
		Release|Any CPU = Release|Any CPU
	EndGlobalSection
	GlobalSection(ProjectConfigurationPlatforms) = postSolution
		{B1095839-D49F-4C00-A733-486785003EFA}.Debug|Any CPU.ActiveCfg = Debug|Any CPU
		{B1095839-D49F-4C00-A733-486785003EFA}.Debug|Any CPU.Build.0 = Debug|Any CPU
		{B1095839-D49F-4C00-A733-486785003EFA}.Release|Any CPU.ActiveCfg = Release|Any CPU
		{B1095839-D49F-4C00-A733-486785003EFA}.Release|Any CPU.Build.0 = Release|Any CPU
	EndGlobalSection
	GlobalSection(SolutionProperties) = preSolution
		HideSolutionNode = FALSE
	EndGlobalSection
	GlobalSection(ExtensibilityGlobals) = postSolution
		SolutionGuid = {9CEDAA5B-29F7-43BD-93D9-2A5A2827FD7B}
	EndGlobalSection
EndGlobal
